
Microsoft Visual Studio Solution File, Format Version 12.00
# Visual Studio Version 17
VisualStudioVersion = 17.4.33205.214
MinimumVisualStudioVersion = 10.0.40219.1
Project("{8BC9CEB8-8B4A-11D0-8D11-00A0C91BC942}") = "Visualizer", "Visualizer\Visualizer.vcxproj", "{577FA465-A2B8-4F52-A49A-99827EC4B22D}"
EndProject
Project("{9A19103F-16F7-4668-BE54-9A1E7A4F7556}") = "Manager", "Manager\Manager.csproj", "{F7CC7A15-3075-4429-8EFB-A075402BA7CE}"
	ProjectSection(ProjectDependencies) = postProject
		{577FA465-A2B8-4F52-A49A-99827EC4B22D} = {577FA465-A2B8-4F52-A49A-99827EC4B22D}
	EndProjectSection
EndProject
Project("{FAE04EC0-301F-11D3-BF4B-00C04F79EFBC}") = "SourceGenerator", "SourceGenerator\SourceGenerator.csproj", "{1192B144-D035-4838-9FBE-796D737FAA22}"
EndProject
Project("{2150E333-8FDC-42A3-9474-1A3956D46DE8}") = "Solution Folder", "Solution Folder", "{67C48C01-14A6-49DC-AEFF-588AA7FA95A9}"
	ProjectSection(SolutionItems) = preProject
		.editorconfig = .editorconfig
		.gitignore = .gitignore
		LICENSE = LICENSE
		README.md = README.md
	EndProjectSection
EndProject
Global
	GlobalSection(SolutionConfigurationPlatforms) = preSolution
		Debug|Any CPU = Debug|Any CPU
		Debug|ARM64 = Debug|ARM64
		Debug|x64 = Debug|x64
		Debug|x86 = Debug|x86
		Release|Any CPU = Release|Any CPU
		Release|ARM64 = Release|ARM64
		Release|x64 = Release|x64
		Release|x86 = Release|x86
	EndGlobalSection
	GlobalSection(ProjectConfigurationPlatforms) = postSolution
		{577FA465-A2B8-4F52-A49A-99827EC4B22D}.Debug|Any CPU.ActiveCfg = Debug|x64
		{577FA465-A2B8-4F52-A49A-99827EC4B22D}.Debug|Any CPU.Build.0 = Debug|x64
		{577FA465-A2B8-4F52-A49A-99827EC4B22D}.Debug|ARM64.ActiveCfg = Debug|x64
		{577FA465-A2B8-4F52-A49A-99827EC4B22D}.Debug|ARM64.Build.0 = Debug|x64
		{577FA465-A2B8-4F52-A49A-99827EC4B22D}.Debug|x64.ActiveCfg = Debug|x64
		{577FA465-A2B8-4F52-A49A-99827EC4B22D}.Debug|x64.Build.0 = Debug|x64
		{577FA465-A2B8-4F52-A49A-99827EC4B22D}.Debug|x86.ActiveCfg = Debug|Win32
		{577FA465-A2B8-4F52-A49A-99827EC4B22D}.Debug|x86.Build.0 = Debug|Win32
		{577FA465-A2B8-4F52-A49A-99827EC4B22D}.Release|Any CPU.ActiveCfg = Release|x64
		{577FA465-A2B8-4F52-A49A-99827EC4B22D}.Release|Any CPU.Build.0 = Release|x64
		{577FA465-A2B8-4F52-A49A-99827EC4B22D}.Release|ARM64.ActiveCfg = Release|x64
		{577FA465-A2B8-4F52-A49A-99827EC4B22D}.Release|ARM64.Build.0 = Release|x64
		{577FA465-A2B8-4F52-A49A-99827EC4B22D}.Release|x64.ActiveCfg = Release|x64
		{577FA465-A2B8-4F52-A49A-99827EC4B22D}.Release|x64.Build.0 = Release|x64
		{577FA465-A2B8-4F52-A49A-99827EC4B22D}.Release|x86.ActiveCfg = Release|Win32
		{577FA465-A2B8-4F52-A49A-99827EC4B22D}.Release|x86.Build.0 = Release|Win32
		{F7CC7A15-3075-4429-8EFB-A075402BA7CE}.Debug|Any CPU.ActiveCfg = Debug|x64
		{F7CC7A15-3075-4429-8EFB-A075402BA7CE}.Debug|Any CPU.Build.0 = Debug|x64
		{F7CC7A15-3075-4429-8EFB-A075402BA7CE}.Debug|Any CPU.Deploy.0 = Debug|x64
		{F7CC7A15-3075-4429-8EFB-A075402BA7CE}.Debug|ARM64.ActiveCfg = Debug|ARM64
		{F7CC7A15-3075-4429-8EFB-A075402BA7CE}.Debug|ARM64.Build.0 = Debug|ARM64
		{F7CC7A15-3075-4429-8EFB-A075402BA7CE}.Debug|ARM64.Deploy.0 = Debug|ARM64
		{F7CC7A15-3075-4429-8EFB-A075402BA7CE}.Debug|x64.ActiveCfg = Debug|x64
		{F7CC7A15-3075-4429-8EFB-A075402BA7CE}.Debug|x64.Build.0 = Debug|x64
		{F7CC7A15-3075-4429-8EFB-A075402BA7CE}.Debug|x64.Deploy.0 = Debug|x64
		{F7CC7A15-3075-4429-8EFB-A075402BA7CE}.Debug|x86.ActiveCfg = Debug|x86
		{F7CC7A15-3075-4429-8EFB-A075402BA7CE}.Debug|x86.Build.0 = Debug|x86
		{F7CC7A15-3075-4429-8EFB-A075402BA7CE}.Debug|x86.Deploy.0 = Debug|x86
		{F7CC7A15-3075-4429-8EFB-A075402BA7CE}.Release|Any CPU.ActiveCfg = Release|x64
		{F7CC7A15-3075-4429-8EFB-A075402BA7CE}.Release|Any CPU.Build.0 = Release|x64
		{F7CC7A15-3075-4429-8EFB-A075402BA7CE}.Release|Any CPU.Deploy.0 = Release|x64
		{F7CC7A15-3075-4429-8EFB-A075402BA7CE}.Release|ARM64.ActiveCfg = Release|ARM64
		{F7CC7A15-3075-4429-8EFB-A075402BA7CE}.Release|ARM64.Build.0 = Release|ARM64
		{F7CC7A15-3075-4429-8EFB-A075402BA7CE}.Release|ARM64.Deploy.0 = Release|ARM64
		{F7CC7A15-3075-4429-8EFB-A075402BA7CE}.Release|x64.ActiveCfg = Release|x64
		{F7CC7A15-3075-4429-8EFB-A075402BA7CE}.Release|x64.Build.0 = Release|x64
		{F7CC7A15-3075-4429-8EFB-A075402BA7CE}.Release|x64.Deploy.0 = Release|x64
		{F7CC7A15-3075-4429-8EFB-A075402BA7CE}.Release|x86.ActiveCfg = Release|x86
		{F7CC7A15-3075-4429-8EFB-A075402BA7CE}.Release|x86.Build.0 = Release|x86
		{F7CC7A15-3075-4429-8EFB-A075402BA7CE}.Release|x86.Deploy.0 = Release|x86
		{1192B144-D035-4838-9FBE-796D737FAA22}.Debug|Any CPU.ActiveCfg = Debug|Any CPU
		{1192B144-D035-4838-9FBE-796D737FAA22}.Debug|Any CPU.Build.0 = Debug|Any CPU
		{1192B144-D035-4838-9FBE-796D737FAA22}.Debug|ARM64.ActiveCfg = Debug|Any CPU
		{1192B144-D035-4838-9FBE-796D737FAA22}.Debug|ARM64.Build.0 = Debug|Any CPU
		{1192B144-D035-4838-9FBE-796D737FAA22}.Debug|x64.ActiveCfg = Debug|Any CPU
		{1192B144-D035-4838-9FBE-796D737FAA22}.Debug|x64.Build.0 = Debug|Any CPU
		{1192B144-D035-4838-9FBE-796D737FAA22}.Debug|x86.ActiveCfg = Debug|Any CPU
		{1192B144-D035-4838-9FBE-796D737FAA22}.Debug|x86.Build.0 = Debug|Any CPU
		{1192B144-D035-4838-9FBE-796D737FAA22}.Release|Any CPU.ActiveCfg = Release|Any CPU
		{1192B144-D035-4838-9FBE-796D737FAA22}.Release|Any CPU.Build.0 = Release|Any CPU
		{1192B144-D035-4838-9FBE-796D737FAA22}.Release|ARM64.ActiveCfg = Release|Any CPU
		{1192B144-D035-4838-9FBE-796D737FAA22}.Release|ARM64.Build.0 = Release|Any CPU
		{1192B144-D035-4838-9FBE-796D737FAA22}.Release|x64.ActiveCfg = Release|Any CPU
		{1192B144-D035-4838-9FBE-796D737FAA22}.Release|x64.Build.0 = Release|Any CPU
		{1192B144-D035-4838-9FBE-796D737FAA22}.Release|x86.ActiveCfg = Release|Any CPU
		{1192B144-D035-4838-9FBE-796D737FAA22}.Release|x86.Build.0 = Release|Any CPU
	EndGlobalSection
	GlobalSection(SolutionProperties) = preSolution
		HideSolutionNode = FALSE
	EndGlobalSection
	GlobalSection(ExtensibilityGlobals) = postSolution
		SolutionGuid = {1CBBCE30-93C1-4B2E-A3FD-D86D268AB7F5}
	EndGlobalSection
EndGlobal
